
Microsoft Visual Studio Solution File, Format Version 12.00
# Visual Studio Version 17
VisualStudioVersion = 17.7.34024.191
MinimumVisualStudioVersion = 10.0.40219.1
Project("{FAE04EC0-301F-11D3-BF4B-00C04F79EFBC}") = "Events", "Events\Events.csproj", "{52BE2B1A-529F-4F83-B407-ED7BC1CDA91F}"
EndProject
Project("{FAE04EC0-301F-11D3-BF4B-00C04F79EFBC}") = "CRTP", "CRTP\CRTP.csproj", "{5525D38F-3593-4909-A003-A0870368A0B6}"
EndProject
Project("{FAE04EC0-301F-11D3-BF4B-00C04F79EFBC}") = "EventSourcing", "EventSourcing\EventSourcing.csproj", "{C22F40B5-64BC-4EF8-B7D1-3AB32A844C4D}"
EndProject
Project("{2150E333-8FDC-42A3-9474-1A3956D46DE8}") = "Fibonacci", "Fibonacci", "{0A31844A-A054-4094-A5BC-E1A553A265A8}"
EndProject
Project("{9A19103F-16F7-4668-BE54-9A1E7A4F7556}") = "Fibonacci.Console", "Fibonacci\Fibonacci.Console\Fibonacci.Console.csproj", "{B2B4B870-FD87-490C-9BF3-29B256C81F72}"
EndProject
Project("{9A19103F-16F7-4668-BE54-9A1E7A4F7556}") = "Fibonacci.Core", "Fibonacci\Fobonacci.Core\Fibonacci.Core.csproj", "{2EBCEFA8-FB0A-40AE-85AA-3FC6BE32F050}"
EndProject
Project("{9A19103F-16F7-4668-BE54-9A1E7A4F7556}") = "Fibonacci.Tests", "Fibonacci\Fibonacci.Tests\Fibonacci.Tests.csproj", "{6D68BA55-C9B8-40D8-910C-5CE8159A8C94}"
EndProject
Project("{2150E333-8FDC-42A3-9474-1A3956D46DE8}") = "CRTP", "CRTP", "{C4CB2240-9F19-450E-BC1F-56B6F8C13059}"
EndProject
Project("{2150E333-8FDC-42A3-9474-1A3956D46DE8}") = "Events", "Events", "{747AE96D-4C1A-471D-972D-B395C6936BC5}"
EndProject
Project("{2150E333-8FDC-42A3-9474-1A3956D46DE8}") = "EventSourcing", "EventSourcing", "{EED77B31-AE48-4734-890C-F72CDAF42A17}"
EndProject
Project("{2150E333-8FDC-42A3-9474-1A3956D46DE8}") = "OptionsDelegate", "OptionsDelegate", "{59F016CF-26DB-4954-8E5C-94F26E136512}"
EndProject
Project("{9A19103F-16F7-4668-BE54-9A1E7A4F7556}") = "OptionsDelegate", "OptionsDelegate\OptionsDelegate.csproj", "{8C2AC29B-456F-4506-A52C-42B4EECE7F1E}"
EndProject
Project("{2150E333-8FDC-42A3-9474-1A3956D46DE8}") = "NUnitApp", "NUnitApp", "{8C35BE8B-204A-4EE8-84A7-5ED4B1AD646E}"
EndProject
Project("{9A19103F-16F7-4668-BE54-9A1E7A4F7556}") = "NUnit.Logic", "NUnitApp\NUnit.Logic\NUnit.Logic.csproj", "{FEE5EAE2-BD30-4B58-839C-F91B80A00A47}"
EndProject
Project("{9A19103F-16F7-4668-BE54-9A1E7A4F7556}") = "NUnit.Logic.Tests", "NUnitApp\NUnit.Logic.Tests\NUnit.Logic.Tests.csproj", "{7AA6D1C5-6A1D-4758-8482-26608F81A4A0}"
EndProject
Project("{9A19103F-16F7-4668-BE54-9A1E7A4F7556}") = "NUnitApp.Console", "NUnitApp\NUnitApp.Console\NUnitApp.Console.csproj", "{F350B8AE-F6C4-4217-B618-689D982A1EC2}"
EndProject
Global
	GlobalSection(SolutionConfigurationPlatforms) = preSolution
		Debug|Any CPU = Debug|Any CPU
		Release|Any CPU = Release|Any CPU
	EndGlobalSection
	GlobalSection(ProjectConfigurationPlatforms) = postSolution
		{52BE2B1A-529F-4F83-B407-ED7BC1CDA91F}.Debug|Any CPU.ActiveCfg = Debug|Any CPU
		{52BE2B1A-529F-4F83-B407-ED7BC1CDA91F}.Debug|Any CPU.Build.0 = Debug|Any CPU
		{52BE2B1A-529F-4F83-B407-ED7BC1CDA91F}.Release|Any CPU.ActiveCfg = Release|Any CPU
		{52BE2B1A-529F-4F83-B407-ED7BC1CDA91F}.Release|Any CPU.Build.0 = Release|Any CPU
		{5525D38F-3593-4909-A003-A0870368A0B6}.Debug|Any CPU.ActiveCfg = Debug|Any CPU
		{5525D38F-3593-4909-A003-A0870368A0B6}.Debug|Any CPU.Build.0 = Debug|Any CPU
		{5525D38F-3593-4909-A003-A0870368A0B6}.Release|Any CPU.ActiveCfg = Release|Any CPU
		{5525D38F-3593-4909-A003-A0870368A0B6}.Release|Any CPU.Build.0 = Release|Any CPU
		{C22F40B5-64BC-4EF8-B7D1-3AB32A844C4D}.Debug|Any CPU.ActiveCfg = Debug|Any CPU
		{C22F40B5-64BC-4EF8-B7D1-3AB32A844C4D}.Debug|Any CPU.Build.0 = Debug|Any CPU
		{C22F40B5-64BC-4EF8-B7D1-3AB32A844C4D}.Release|Any CPU.ActiveCfg = Release|Any CPU
		{C22F40B5-64BC-4EF8-B7D1-3AB32A844C4D}.Release|Any CPU.Build.0 = Release|Any CPU
		{B2B4B870-FD87-490C-9BF3-29B256C81F72}.Debug|Any CPU.ActiveCfg = Debug|Any CPU
		{B2B4B870-FD87-490C-9BF3-29B256C81F72}.Debug|Any CPU.Build.0 = Debug|Any CPU
		{B2B4B870-FD87-490C-9BF3-29B256C81F72}.Release|Any CPU.ActiveCfg = Release|Any CPU
		{B2B4B870-FD87-490C-9BF3-29B256C81F72}.Release|Any CPU.Build.0 = Release|Any CPU
		{2EBCEFA8-FB0A-40AE-85AA-3FC6BE32F050}.Debug|Any CPU.ActiveCfg = Debug|Any CPU
		{2EBCEFA8-FB0A-40AE-85AA-3FC6BE32F050}.Debug|Any CPU.Build.0 = Debug|Any CPU
		{2EBCEFA8-FB0A-40AE-85AA-3FC6BE32F050}.Release|Any CPU.ActiveCfg = Release|Any CPU
		{2EBCEFA8-FB0A-40AE-85AA-3FC6BE32F050}.Release|Any CPU.Build.0 = Release|Any CPU
		{6D68BA55-C9B8-40D8-910C-5CE8159A8C94}.Debug|Any CPU.ActiveCfg = Debug|Any CPU
		{6D68BA55-C9B8-40D8-910C-5CE8159A8C94}.Debug|Any CPU.Build.0 = Debug|Any CPU
		{6D68BA55-C9B8-40D8-910C-5CE8159A8C94}.Release|Any CPU.ActiveCfg = Release|Any CPU
		{6D68BA55-C9B8-40D8-910C-5CE8159A8C94}.Release|Any CPU.Build.0 = Release|Any CPU
		{8C2AC29B-456F-4506-A52C-42B4EECE7F1E}.Debug|Any CPU.ActiveCfg = Debug|Any CPU
		{8C2AC29B-456F-4506-A52C-42B4EECE7F1E}.Debug|Any CPU.Build.0 = Debug|Any CPU
		{8C2AC29B-456F-4506-A52C-42B4EECE7F1E}.Release|Any CPU.ActiveCfg = Release|Any CPU
		{8C2AC29B-456F-4506-A52C-42B4EECE7F1E}.Release|Any CPU.Build.0 = Release|Any CPU
		{FEE5EAE2-BD30-4B58-839C-F91B80A00A47}.Debug|Any CPU.ActiveCfg = Debug|Any CPU
		{FEE5EAE2-BD30-4B58-839C-F91B80A00A47}.Debug|Any CPU.Build.0 = Debug|Any CPU
		{FEE5EAE2-BD30-4B58-839C-F91B80A00A47}.Release|Any CPU.ActiveCfg = Release|Any CPU
		{FEE5EAE2-BD30-4B58-839C-F91B80A00A47}.Release|Any CPU.Build.0 = Release|Any CPU
		{7AA6D1C5-6A1D-4758-8482-26608F81A4A0}.Debug|Any CPU.ActiveCfg = Debug|Any CPU
		{7AA6D1C5-6A1D-4758-8482-26608F81A4A0}.Debug|Any CPU.Build.0 = Debug|Any CPU
		{7AA6D1C5-6A1D-4758-8482-26608F81A4A0}.Release|Any CPU.ActiveCfg = Release|Any CPU
		{7AA6D1C5-6A1D-4758-8482-26608F81A4A0}.Release|Any CPU.Build.0 = Release|Any CPU
		{F350B8AE-F6C4-4217-B618-689D982A1EC2}.Debug|Any CPU.ActiveCfg = Debug|Any CPU
		{F350B8AE-F6C4-4217-B618-689D982A1EC2}.Debug|Any CPU.Build.0 = Debug|Any CPU
		{F350B8AE-F6C4-4217-B618-689D982A1EC2}.Release|Any CPU.ActiveCfg = Release|Any CPU
		{F350B8AE-F6C4-4217-B618-689D982A1EC2}.Release|Any CPU.Build.0 = Release|Any CPU
	EndGlobalSection
	GlobalSection(SolutionProperties) = preSolution
		HideSolutionNode = FALSE
	EndGlobalSection
	GlobalSection(NestedProjects) = preSolution
		{52BE2B1A-529F-4F83-B407-ED7BC1CDA91F} = {747AE96D-4C1A-471D-972D-B395C6936BC5}
		{5525D38F-3593-4909-A003-A0870368A0B6} = {C4CB2240-9F19-450E-BC1F-56B6F8C13059}
		{C22F40B5-64BC-4EF8-B7D1-3AB32A844C4D} = {EED77B31-AE48-4734-890C-F72CDAF42A17}
		{B2B4B870-FD87-490C-9BF3-29B256C81F72} = {0A31844A-A054-4094-A5BC-E1A553A265A8}
		{2EBCEFA8-FB0A-40AE-85AA-3FC6BE32F050} = {0A31844A-A054-4094-A5BC-E1A553A265A8}
		{6D68BA55-C9B8-40D8-910C-5CE8159A8C94} = {0A31844A-A054-4094-A5BC-E1A553A265A8}
		{8C2AC29B-456F-4506-A52C-42B4EECE7F1E} = {59F016CF-26DB-4954-8E5C-94F26E136512}
		{FEE5EAE2-BD30-4B58-839C-F91B80A00A47} = {8C35BE8B-204A-4EE8-84A7-5ED4B1AD646E}
		{7AA6D1C5-6A1D-4758-8482-26608F81A4A0} = {8C35BE8B-204A-4EE8-84A7-5ED4B1AD646E}
		{F350B8AE-F6C4-4217-B618-689D982A1EC2} = {8C35BE8B-204A-4EE8-84A7-5ED4B1AD646E}
	EndGlobalSection
	GlobalSection(ExtensibilityGlobals) = postSolution
		SolutionGuid = {2CAB51EE-BF60-4492-9CF8-8BCA9E726E3C}
	EndGlobalSection
EndGlobal
